// !$*UTF8*$!
{
	archiveVersion = 1;
	classes = {
	};
	objectVersion = 50;
	objects = {

/* Begin PBXBuildFile section */
		CD10C0032194A1980064ED2E /* AppDelegate.m in Sources */ = {isa = PBXBuildFile; fileRef = CD10C0022194A1980064ED2E /* AppDelegate.m */; };
		CD10C0052194A1990064ED2E /* Assets.xcassets in Resources */ = {isa = PBXBuildFile; fileRef = CD10C0042194A1990064ED2E /* Assets.xcassets */; };
		CD10C0082194A1990064ED2E /* PlotRepresentationUI.xib in Resources */ = {isa = PBXBuildFile; fileRef = CD10C0062194A1990064ED2E /* PlotRepresentationUI.xib */; };
		CD10C00B2194A1990064ED2E /* main.m in Sources */ = {isa = PBXBuildFile; fileRef = CD10C00A2194A1990064ED2E /* main.m */; };
		CD1BE93F219B661F002CD188 /* NSPlotView.m in Sources */ = {isa = PBXBuildFile; fileRef = CD1BE93E219B661F002CD188 /* NSPlotView.m */; };
		CD26FE03219710430031B6F0 /* Model.m in Sources */ = {isa = PBXBuildFile; fileRef = CD26FE02219710430031B6F0 /* Model.m */; };
		CD26FE0D219710FC0031B6F0 /* PlotRepresentationUIController.m in Sources */ = {isa = PBXBuildFile; fileRef = CD26FE0C219710FC0031B6F0 /* PlotRepresentationUIController.m */; };
		CD26FE10219711A10031B6F0 /* AddFunctionUI.xib in Resources */ = {isa = PBXBuildFile; fileRef = CD26FE0F219711A10031B6F0 /* AddFunctionUI.xib */; };
		CD26FE13219711B40031B6F0 /* AddFunctionUIController.m in Sources */ = {isa = PBXBuildFile; fileRef = CD26FE12219711B40031B6F0 /* AddFunctionUIController.m */; };
		CDAE1542219AEEB900935252 /* FunctionTableUIController.m in Sources */ = {isa = PBXBuildFile; fileRef = CDAE1541219AEEB900935252 /* FunctionTableUIController.m */; };
		CDAE1544219AEEEB00935252 /* FunctionTableUI.xib in Resources */ = {isa = PBXBuildFile; fileRef = CDAE1543219AEEEB00935252 /* FunctionTableUI.xib */; };
		CDF182FE219B77EB0047C824 /* Function.m in Sources */ = {isa = PBXBuildFile; fileRef = CDF182FD219B77EB0047C824 /* Function.m */; };
/* End PBXBuildFile section */

/* Begin PBXFileReference section */
		CD10BFFE2194A1980064ED2E /* MacLab.app */ = {isa = PBXFileReference; explicitFileType = wrapper.application; includeInIndex = 0; path = MacLab.app; sourceTree = BUILT_PRODUCTS_DIR; };
		CD10C0012194A1980064ED2E /* AppDelegate.h */ = {isa = PBXFileReference; lastKnownFileType = sourcecode.c.h; path = AppDelegate.h; sourceTree = "<group>"; };
		CD10C0022194A1980064ED2E /* AppDelegate.m */ = {isa = PBXFileReference; lastKnownFileType = sourcecode.c.objc; path = AppDelegate.m; sourceTree = "<group>"; };
		CD10C0042194A1990064ED2E /* Assets.xcassets */ = {isa = PBXFileReference; lastKnownFileType = folder.assetcatalog; path = Assets.xcassets; sourceTree = "<group>"; };
		CD10C0072194A1990064ED2E /* Base */ = {isa = PBXFileReference; lastKnownFileType = file.xib; name = Base; path = Base.lproj/PlotRepresentationUI.xib; sourceTree = "<group>"; };
		CD10C0092194A1990064ED2E /* Info.plist */ = {isa = PBXFileReference; lastKnownFileType = text.plist.xml; path = Info.plist; sourceTree = "<group>"; };
		CD10C00A2194A1990064ED2E /* main.m */ = {isa = PBXFileReference; lastKnownFileType = sourcecode.c.objc; path = main.m; sourceTree = "<group>"; };
		CD10C00C2194A1990064ED2E /* MacLab.entitlements */ = {isa = PBXFileReference; lastKnownFileType = text.plist.entitlements; path = MacLab.entitlements; sourceTree = "<group>"; };
		CD1BE93D219B661F002CD188 /* NSPlotView.h */ = {isa = PBXFileReference; lastKnownFileType = sourcecode.c.h; path = NSPlotView.h; sourceTree = "<group>"; };
		CD1BE93E219B661F002CD188 /* NSPlotView.m */ = {isa = PBXFileReference; lastKnownFileType = sourcecode.c.objc; path = NSPlotView.m; sourceTree = "<group>"; };
		CD26FE01219710430031B6F0 /* Model.h */ = {isa = PBXFileReference; lastKnownFileType = sourcecode.c.h; path = Model.h; sourceTree = "<group>"; };
		CD26FE02219710430031B6F0 /* Model.m */ = {isa = PBXFileReference; lastKnownFileType = sourcecode.c.objc; path = Model.m; sourceTree = "<group>"; };
		CD26FE0B219710FC0031B6F0 /* PlotRepresentationUIController.h */ = {isa = PBXFileReference; lastKnownFileType = sourcecode.c.h; path = PlotRepresentationUIController.h; sourceTree = "<group>"; };
		CD26FE0C219710FC0031B6F0 /* PlotRepresentationUIController.m */ = {isa = PBXFileReference; lastKnownFileType = sourcecode.c.objc; path = PlotRepresentationUIController.m; sourceTree = "<group>"; };
		CD26FE0F219711A10031B6F0 /* AddFunctionUI.xib */ = {isa = PBXFileReference; lastKnownFileType = file.xib; path = AddFunctionUI.xib; sourceTree = "<group>"; };
		CD26FE11219711B40031B6F0 /* AddFunctionUIController.h */ = {isa = PBXFileReference; lastKnownFileType = sourcecode.c.h; path = AddFunctionUIController.h; sourceTree = "<group>"; };
		CD26FE12219711B40031B6F0 /* AddFunctionUIController.m */ = {isa = PBXFileReference; lastKnownFileType = sourcecode.c.objc; path = AddFunctionUIController.m; sourceTree = "<group>"; };
		CDAE1540219AEEB900935252 /* FunctionTableUIController.h */ = {isa = PBXFileReference; lastKnownFileType = sourcecode.c.h; path = FunctionTableUIController.h; sourceTree = "<group>"; };
		CDAE1541219AEEB900935252 /* FunctionTableUIController.m */ = {isa = PBXFileReference; lastKnownFileType = sourcecode.c.objc; path = FunctionTableUIController.m; sourceTree = "<group>"; };
		CDAE1543219AEEEB00935252 /* FunctionTableUI.xib */ = {isa = PBXFileReference; lastKnownFileType = file.xib; path = FunctionTableUI.xib; sourceTree = "<group>"; };
		CDF182F9219B77D90047C824 /* Function.h */ = {isa = PBXFileReference; fileEncoding = 4; lastKnownFileType = sourcecode.c.h; name = Function.h; path = Model/Bean/Function.h; sourceTree = "<group>"; };
		CDF182FD219B77EB0047C824 /* Function.m */ = {isa = PBXFileReference; fileEncoding = 4; lastKnownFileType = sourcecode.c.objc; name = Function.m; path = Model/Bean/Function.m; sourceTree = "<group>"; };
/* End PBXFileReference section */

/* Begin PBXFrameworksBuildPhase section */
		CD10BFFB2194A1980064ED2E /* Frameworks */ = {
			isa = PBXFrameworksBuildPhase;
			buildActionMask = 2147483647;
			files = (
			);
			runOnlyForDeploymentPostprocessing = 0;
		};
/* End PBXFrameworksBuildPhase section */

/* Begin PBXGroup section */
		CD10BFF52194A1980064ED2E = {
			isa = PBXGroup;
			children = (
				CD10C0002194A1980064ED2E /* MacLab */,
				CD10BFFF2194A1980064ED2E /* Products */,
				CD20BA90219EB58C00302CB0 /* Views */,
				CD20BA91219EB59900302CB0 /* ViewControllers */,
				CD26FDFF2197102B0031B6F0 /* Model */,
				CDF18302219CA4A70047C824 /* Utils */,
			);
			sourceTree = "<group>";
		};
		CD10BFFF2194A1980064ED2E /* Products */ = {
			isa = PBXGroup;
			children = (
				CD10BFFE2194A1980064ED2E /* MacLab.app */,
			);
			name = Products;
			sourceTree = "<group>";
		};
		CD10C0002194A1980064ED2E /* MacLab */ = {
			isa = PBXGroup;
			children = (
				CD10C0012194A1980064ED2E /* AppDelegate.h */,
				CD10C0022194A1980064ED2E /* AppDelegate.m */,
				CD10C0042194A1990064ED2E /* Assets.xcassets */,
				CD10C0092194A1990064ED2E /* Info.plist */,
				CD10C00A2194A1990064ED2E /* main.m */,
				CD10C00C2194A1990064ED2E /* MacLab.entitlements */,
			);
			path = MacLab;
			sourceTree = "<group>";
		};
		CD20BA90219EB58C00302CB0 /* Views */ = {
			isa = PBXGroup;
			children = (
				CD26FE0F219711A10031B6F0 /* AddFunctionUI.xib */,
				CDAE1543219AEEEB00935252 /* FunctionTableUI.xib */,
				CD10C0062194A1990064ED2E /* PlotRepresentationUI.xib */,
			);
			path = Views;
			sourceTree = "<group>";
		};
		CD20BA91219EB59900302CB0 /* ViewControllers */ = {
			isa = PBXGroup;
			children = (
				CD26FE0E219711810031B6F0 /* AddFunctionUI */,
				CDAE153F219AEE3000935252 /* FuncionTableUI */,
				CD26FE0A219710D20031B6F0 /* PlotRepresentationUI */,
			);
			path = ViewControllers;
			sourceTree = "<group>";
		};
		CD26FDFA21970FE50031B6F0 /* Bean */ = {
			isa = PBXGroup;
			children = (
				CDF182F9219B77D90047C824 /* Function.h */,
				CDF182FD219B77EB0047C824 /* Function.m */,
			);
			name = Bean;
			path = "/Users/gandalfran/Desktop/IGU-Cocoa/MacLab";
			sourceTree = "<absolute>";
		};
		CD26FDFF2197102B0031B6F0 /* Model */ = {
			isa = PBXGroup;
			children = (
				CD26FE01219710430031B6F0 /* Model.h */,
				CD26FE02219710430031B6F0 /* Model.m */,
				CD26FDFA21970FE50031B6F0 /* Bean */,
			);
			path = Model;
			sourceTree = SOURCE_ROOT;
		};
		CD26FE0A219710D20031B6F0 /* PlotRepresentationUI */ = {
			isa = PBXGroup;
			children = (
				CD26FE0B219710FC0031B6F0 /* PlotRepresentationUIController.h */,
				CD26FE0C219710FC0031B6F0 /* PlotRepresentationUIController.m */,
				CD1BE93D219B661F002CD188 /* NSPlotView.h */,
				CD1BE93E219B661F002CD188 /* NSPlotView.m */,
			);
			path = PlotRepresentationUI;
			sourceTree = "<group>";
		};
		CD26FE0E219711810031B6F0 /* AddFunctionUI */ = {
			isa = PBXGroup;
			children = (
				CD26FE11219711B40031B6F0 /* AddFunctionUIController.h */,
				CD26FE12219711B40031B6F0 /* AddFunctionUIController.m */,
			);
			path = AddFunctionUI;
			sourceTree = "<group>";
		};
		CDAE153F219AEE3000935252 /* FuncionTableUI */ = {
			isa = PBXGroup;
			children = (
				CDAE1540219AEEB900935252 /* FunctionTableUIController.h */,
				CDAE1541219AEEB900935252 /* FunctionTableUIController.m */,
			);
			path = FuncionTableUI;
			sourceTree = "<group>";
		};
		CDF18302219CA4A70047C824 /* Utils */ = {
			isa = PBXGroup;
			children = (
			);
			path = Utils;
			sourceTree = "<group>";
		};
/* End PBXGroup section */

/* Begin PBXNativeTarget section */
		CD10BFFD2194A1980064ED2E /* MacLab */ = {
			isa = PBXNativeTarget;
			buildConfigurationList = CD10C00F2194A1990064ED2E /* Build configuration list for PBXNativeTarget "MacLab" */;
			buildPhases = (
				CD10BFFA2194A1980064ED2E /* Sources */,
				CD10BFFB2194A1980064ED2E /* Frameworks */,
				CD10BFFC2194A1980064ED2E /* Resources */,
			);
			buildRules = (
			);
			dependencies = (
			);
			name = MacLab;
			productName = MacLab;
			productReference = CD10BFFE2194A1980064ED2E /* MacLab.app */;
			productType = "com.apple.product-type.application";
		};
/* End PBXNativeTarget section */

/* Begin PBXProject section */
		CD10BFF62194A1980064ED2E /* Project object */ = {
			isa = PBXProject;
			attributes = {
				LastUpgradeCheck = 1010;
				ORGANIZATIONNAME = GandalFran;
				TargetAttributes = {
					CD10BFFD2194A1980064ED2E = {
						CreatedOnToolsVersion = 10.1;
					};
				};
			};
			buildConfigurationList = CD10BFF92194A1980064ED2E /* Build configuration list for PBXProject "MacLab" */;
			compatibilityVersion = "Xcode 9.3";
			developmentRegion = en;
			hasScannedForEncodings = 0;
			knownRegions = (
				en,
				Base,
			);
			mainGroup = CD10BFF52194A1980064ED2E;
			productRefGroup = CD10BFFF2194A1980064ED2E /* Products */;
			projectDirPath = "";
			projectRoot = "";
			targets = (
				CD10BFFD2194A1980064ED2E /* MacLab */,
			);
		};
/* End PBXProject section */

/* Begin PBXResourcesBuildPhase section */
		CD10BFFC2194A1980064ED2E /* Resources */ = {
			isa = PBXResourcesBuildPhase;
			buildActionMask = 2147483647;
			files = (
				CD10C0052194A1990064ED2E /* Assets.xcassets in Resources */,
				CD10C0082194A1990064ED2E /* PlotRepresentationUI.xib in Resources */,
				CD26FE10219711A10031B6F0 /* AddFunctionUI.xib in Resources */,
				CDAE1544219AEEEB00935252 /* FunctionTableUI.xib in Resources */,
			);
			runOnlyForDeploymentPostprocessing = 0;
		};
/* End PBXResourcesBuildPhase section */

/* Begin PBXSourcesBuildPhase section */
		CD10BFFA2194A1980064ED2E /* Sources */ = {
			isa = PBXSourcesBuildPhase;
			buildActionMask = 2147483647;
			files = (
				CDF182FE219B77EB0047C824 /* Function.m in Sources */,
				CD10C00B2194A1990064ED2E /* main.m in Sources */,
				CD1BE93F219B661F002CD188 /* NSPlotView.m in Sources */,
				CD26FE0D219710FC0031B6F0 /* PlotRepresentationUIController.m in Sources */,
				CD26FE13219711B40031B6F0 /* AddFunctionUIController.m in Sources */,
				CD10C0032194A1980064ED2E /* AppDelegate.m in Sources */,
				CD26FE03219710430031B6F0 /* Model.m in Sources */,
				CDAE1542219AEEB900935252 /* FunctionTableUIController.m in Sources */,
			);
			runOnlyForDeploymentPostprocessing = 0;
		};
/* End PBXSourcesBuildPhase section */

/* Begin PBXVariantGroup section */
		CD10C0062194A1990064ED2E /* PlotRepresentationUI.xib */ = {
			isa = PBXVariantGroup;
			children = (
				CD10C0072194A1990064ED2E /* Base */,
			);
			name = PlotRepresentationUI.xib;
			sourceTree = "<group>";
		};
/* End PBXVariantGroup section */

/* Begin XCBuildConfiguration section */
		CD10C00D2194A1990064ED2E /* Debug */ = {
			isa = XCBuildConfiguration;
			buildSettings = {
				ALWAYS_SEARCH_USER_PATHS = NO;
				CLANG_ANALYZER_NONNULL = YES;
				CLANG_ANALYZER_NUMBER_OBJECT_CONVERSION = YES_AGGRESSIVE;
				CLANG_CXX_LANGUAGE_STANDARD = "gnu++14";
				CLANG_CXX_LIBRARY = "libc++";
				CLANG_ENABLE_MODULES = YES;
				CLANG_ENABLE_OBJC_ARC = YES;
				CLANG_ENABLE_OBJC_WEAK = YES;
				CLANG_WARN_BLOCK_CAPTURE_AUTORELEASING = YES;
				CLANG_WARN_BOOL_CONVERSION = YES;
				CLANG_WARN_COMMA = YES;
				CLANG_WARN_CONSTANT_CONVERSION = YES;
				CLANG_WARN_DEPRECATED_OBJC_IMPLEMENTATIONS = YES;
				CLANG_WARN_DIRECT_OBJC_ISA_USAGE = YES_ERROR;
				CLANG_WARN_DOCUMENTATION_COMMENTS = YES;
				CLANG_WARN_EMPTY_BODY = YES;
				CLANG_WARN_ENUM_CONVERSION = YES;
				CLANG_WARN_INFINITE_RECURSION = YES;
				CLANG_WARN_INT_CONVERSION = YES;
				CLANG_WARN_NON_LITERAL_NULL_CONVERSION = YES;
				CLANG_WARN_OBJC_IMPLICIT_RETAIN_SELF = YES;
				CLANG_WARN_OBJC_LITERAL_CONVERSION = YES;
				CLANG_WARN_OBJC_ROOT_CLASS = YES_ERROR;
				CLANG_WARN_RANGE_LOOP_ANALYSIS = YES;
				CLANG_WARN_STRICT_PROTOTYPES = YES;
				CLANG_WARN_SUSPICIOUS_MOVE = YES;
				CLANG_WARN_UNGUARDED_AVAILABILITY = YES_AGGRESSIVE;
				CLANG_WARN_UNREACHABLE_CODE = YES;
				CLANG_WARN__DUPLICATE_METHOD_MATCH = YES;
				CODE_SIGN_IDENTITY = "-";
				COPY_PHASE_STRIP = NO;
				DEBUG_INFORMATION_FORMAT = dwarf;
				ENABLE_STRICT_OBJC_MSGSEND = YES;
				ENABLE_TESTABILITY = YES;
				GCC_C_LANGUAGE_STANDARD = gnu11;
				GCC_DYNAMIC_NO_PIC = NO;
				GCC_NO_COMMON_BLOCKS = YES;
				GCC_OPTIMIZATION_LEVEL = 0;
				GCC_PREPROCESSOR_DEFINITIONS = (
					"DEBUG=1",
					"$(inherited)",
				);
				GCC_WARN_64_TO_32_BIT_CONVERSION = YES;
				GCC_WARN_ABOUT_RETURN_TYPE = YES_ERROR;
				GCC_WARN_UNDECLARED_SELECTOR = YES;
				GCC_WARN_UNINITIALIZED_AUTOS = YES_AGGRESSIVE;
				GCC_WARN_UNUSED_FUNCTION = YES;
				GCC_WARN_UNUSED_VARIABLE = YES;
				MACOSX_DEPLOYMENT_TARGET = 10.14;
				MTL_ENABLE_DEBUG_INFO = INCLUDE_SOURCE;
				MTL_FAST_MATH = YES;
				ONLY_ACTIVE_ARCH = YES;
				SDKROOT = macosx;
			};
			name = Debug;
		};
		CD10C00E2194A1990064ED2E /* Release */ = {
			isa = XCBuildConfiguration;
			buildSettings = {
				ALWAYS_SEARCH_USER_PATHS = NO;
				CLANG_ANALYZER_NONNULL = YES;
				CLANG_ANALYZER_NUMBER_OBJECT_CONVERSION = YES_AGGRESSIVE;
				CLANG_CXX_LANGUAGE_STANDARD = "gnu++14";
				CLANG_CXX_LIBRARY = "libc++";
				CLANG_ENABLE_MODULES = YES;
				CLANG_ENABLE_OBJC_ARC = YES;
				CLANG_ENABLE_OBJC_WEAK = YES;
				CLANG_WARN_BLOCK_CAPTURE_AUTORELEASING = YES;
				CLANG_WARN_BOOL_CONVERSION = YES;
				CLANG_WARN_COMMA = YES;
				CLANG_WARN_CONSTANT_CONVERSION = YES;
				CLANG_WARN_DEPRECATED_OBJC_IMPLEMENTATIONS = YES;
				CLANG_WARN_DIRECT_OBJC_ISA_USAGE = YES_ERROR;
				CLANG_WARN_DOCUMENTATION_COMMENTS = YES;
				CLANG_WARN_EMPTY_BODY = YES;
				CLANG_WARN_ENUM_CONVERSION = YES;
				CLANG_WARN_INFINITE_RECURSION = YES;
				CLANG_WARN_INT_CONVERSION = YES;
				CLANG_WARN_NON_LITERAL_NULL_CONVERSION = YES;
				CLANG_WARN_OBJC_IMPLICIT_RETAIN_SELF = YES;
				CLANG_WARN_OBJC_LITERAL_CONVERSION = YES;
				CLANG_WARN_OBJC_ROOT_CLASS = YES_ERROR;
				CLANG_WARN_RANGE_LOOP_ANALYSIS = YES;
				CLANG_WARN_STRICT_PROTOTYPES = YES;
				CLANG_WARN_SUSPICIOUS_MOVE = YES;
				CLANG_WARN_UNGUARDED_AVAILABILITY = YES_AGGRESSIVE;
				CLANG_WARN_UNREACHABLE_CODE = YES;
				CLANG_WARN__DUPLICATE_METHOD_MATCH = YES;
				CODE_SIGN_IDENTITY = "-";
				COPY_PHASE_STRIP = NO;
				DEBUG_INFORMATION_FORMAT = "dwarf-with-dsym";
				ENABLE_NS_ASSERTIONS = NO;
				ENABLE_STRICT_OBJC_MSGSEND = YES;
				GCC_C_LANGUAGE_STANDARD = gnu11;
				GCC_NO_COMMON_BLOCKS = YES;
				GCC_WARN_64_TO_32_BIT_CONVERSION = YES;
				GCC_WARN_ABOUT_RETURN_TYPE = YES_ERROR;
				GCC_WARN_UNDECLARED_SELECTOR = YES;
				GCC_WARN_UNINITIALIZED_AUTOS = YES_AGGRESSIVE;
				GCC_WARN_UNUSED_FUNCTION = YES;
				GCC_WARN_UNUSED_VARIABLE = YES;
				MACOSX_DEPLOYMENT_TARGET = 10.14;
				MTL_ENABLE_DEBUG_INFO = NO;
				MTL_FAST_MATH = YES;
				SDKROOT = macosx;
			};
			name = Release;
		};
		CD10C0102194A1990064ED2E /* Debug */ = {
			isa = XCBuildConfiguration;
			buildSettings = {
				ASSETCATALOG_COMPILER_APPICON_NAME = AppIcon;
				CODE_SIGN_ENTITLEMENTS = MacLab/MacLab.entitlements;
				CODE_SIGN_STYLE = Automatic;
				COMBINE_HIDPI_IMAGES = YES;
				INFOPLIST_FILE = MacLab/Info.plist;
				LD_RUNPATH_SEARCH_PATHS = (
					"$(inherited)",
					"@executable_path/../Frameworks",
				);
				PRODUCT_BUNDLE_IDENTIFIER = com.GandalFran.MacLab;
				PRODUCT_NAME = "$(TARGET_NAME)";
			};
			name = Debug;
		};
		CD10C0112194A1990064ED2E /* Release */ = {
			isa = XCBuildConfiguration;
			buildSettings = {
				ASSETCATALOG_COMPILER_APPICON_NAME = AppIcon;
				CODE_SIGN_ENTITLEMENTS = MacLab/MacLab.entitlements;
				CODE_SIGN_STYLE = Automatic;
				COMBINE_HIDPI_IMAGES = YES;
				INFOPLIST_FILE = MacLab/Info.plist;
				LD_RUNPATH_SEARCH_PATHS = (
					"$(inherited)",
					"@executable_path/../Frameworks",
				);
				PRODUCT_BUNDLE_IDENTIFIER = com.GandalFran.MacLab;
				PRODUCT_NAME = "$(TARGET_NAME)";
			};
			name = Release;
		};
/* End XCBuildConfiguration section */

/* Begin XCConfigurationList section */
		CD10BFF92194A1980064ED2E /* Build configuration list for PBXProject "MacLab" */ = {
			isa = XCConfigurationList;
			buildConfigurations = (
				CD10C00D2194A1990064ED2E /* Debug */,
				CD10C00E2194A1990064ED2E /* Release */,
			);
			defaultConfigurationIsVisible = 0;
			defaultConfigurationName = Release;
		};
		CD10C00F2194A1990064ED2E /* Build configuration list for PBXNativeTarget "MacLab" */ = {
			isa = XCConfigurationList;
			buildConfigurations = (
				CD10C0102194A1990064ED2E /* Debug */,
				CD10C0112194A1990064ED2E /* Release */,
			);
			defaultConfigurationIsVisible = 0;
			defaultConfigurationName = Release;
		};
/* End XCConfigurationList section */
	};
	rootObject = CD10BFF62194A1980064ED2E /* Project object */;
}
